
Microsoft Visual Studio Solution File, Format Version 12.00
# Visual Studio 15
VisualStudioVersion = 15.0.28307.960
MinimumVisualStudioVersion = 10.0.40219.1
Project("{FAE04EC0-301F-11D3-BF4B-00C04F79EFBC}") = "DuomenuBazesFiltravimas", "DuomenuBazesFiltravimas\DuomenuBazesFiltravimas.csproj", "{9572AB76-FE62-45F0-BB52-C1BA1D598638}"
EndProject
Global
	GlobalSection(SolutionConfigurationPlatforms) = preSolution
		Debug|Any CPU = Debug|Any CPU
		Release|Any CPU = Release|Any CPU
	EndGlobalSection
	GlobalSection(ProjectConfigurationPlatforms) = postSolution
		{9572AB76-FE62-45F0-BB52-C1BA1D598638}.Debug|Any CPU.ActiveCfg = Debug|Any CPU
		{9572AB76-FE62-45F0-BB52-C1BA1D598638}.Debug|Any CPU.Build.0 = Debug|Any CPU
		{9572AB76-FE62-45F0-BB52-C1BA1D598638}.Release|Any CPU.ActiveCfg = Release|Any CPU
		{9572AB76-FE62-45F0-BB52-C1BA1D598638}.Release|Any CPU.Build.0 = Release|Any CPU
	EndGlobalSection
	GlobalSection(SolutionProperties) = preSolution
		HideSolutionNode = FALSE
	EndGlobalSection
	GlobalSection(ExtensibilityGlobals) = postSolution
		SolutionGuid = {A50F9E69-8295-4338-8662-7E86C1A5613E}
	EndGlobalSection
EndGlobal
