
Microsoft Visual Studio Solution File, Format Version 12.00
# Visual Studio 15
VisualStudioVersion = 15.0.28307.960
MinimumVisualStudioVersion = 10.0.40219.1
Project("{FAE04EC0-301F-11D3-BF4B-00C04F79EFBC}") = "BindingSU2Formomis", "BindingSU2Formomis\BindingSU2Formomis.csproj", "{A48FC162-896B-4F5D-AA5F-A6376D9A4CA4}"
EndProject
Global
	GlobalSection(SolutionConfigurationPlatforms) = preSolution
		Debug|Any CPU = Debug|Any CPU
		Release|Any CPU = Release|Any CPU
	EndGlobalSection
	GlobalSection(ProjectConfigurationPlatforms) = postSolution
		{A48FC162-896B-4F5D-AA5F-A6376D9A4CA4}.Debug|Any CPU.ActiveCfg = Debug|Any CPU
		{A48FC162-896B-4F5D-AA5F-A6376D9A4CA4}.Debug|Any CPU.Build.0 = Debug|Any CPU
		{A48FC162-896B-4F5D-AA5F-A6376D9A4CA4}.Release|Any CPU.ActiveCfg = Release|Any CPU
		{A48FC162-896B-4F5D-AA5F-A6376D9A4CA4}.Release|Any CPU.Build.0 = Release|Any CPU
	EndGlobalSection
	GlobalSection(SolutionProperties) = preSolution
		HideSolutionNode = FALSE
	EndGlobalSection
	GlobalSection(ExtensibilityGlobals) = postSolution
		SolutionGuid = {BE15DF9F-2631-4B2A-90A7-5A7F9CBEC8B5}
	EndGlobalSection
EndGlobal
