
Microsoft Visual Studio Solution File, Format Version 12.00
# Visual Studio 15
VisualStudioVersion = 15.0.28307.960
MinimumVisualStudioVersion = 10.0.40219.1
Project("{FAE04EC0-301F-11D3-BF4B-00C04F79EFBC}") = "Interfeisai", "Interfeisai\Interfeisai.csproj", "{3FE72ADB-479B-45AB-92AA-C2A9C23AFEDB}"
EndProject
Global
	GlobalSection(SolutionConfigurationPlatforms) = preSolution
		Debug|Any CPU = Debug|Any CPU
		Release|Any CPU = Release|Any CPU
	EndGlobalSection
	GlobalSection(ProjectConfigurationPlatforms) = postSolution
		{3FE72ADB-479B-45AB-92AA-C2A9C23AFEDB}.Debug|Any CPU.ActiveCfg = Debug|Any CPU
		{3FE72ADB-479B-45AB-92AA-C2A9C23AFEDB}.Debug|Any CPU.Build.0 = Debug|Any CPU
		{3FE72ADB-479B-45AB-92AA-C2A9C23AFEDB}.Release|Any CPU.ActiveCfg = Release|Any CPU
		{3FE72ADB-479B-45AB-92AA-C2A9C23AFEDB}.Release|Any CPU.Build.0 = Release|Any CPU
	EndGlobalSection
	GlobalSection(SolutionProperties) = preSolution
		HideSolutionNode = FALSE
	EndGlobalSection
	GlobalSection(ExtensibilityGlobals) = postSolution
		SolutionGuid = {69F3969D-5D3B-4250-96C4-2F5817E51E40}
	EndGlobalSection
EndGlobal
