
Microsoft Visual Studio Solution File, Format Version 12.00
# Visual Studio 15
VisualStudioVersion = 15.0.28307.960
MinimumVisualStudioVersion = 10.0.40219.1
Project("{FAE04EC0-301F-11D3-BF4B-00C04F79EFBC}") = "HttpUzklausa", "HttpUzklausa\HttpUzklausa.csproj", "{5D5F8C84-C316-4E18-AD47-DF3EE65B1B1E}"
EndProject
Global
	GlobalSection(SolutionConfigurationPlatforms) = preSolution
		Debug|Any CPU = Debug|Any CPU
		Release|Any CPU = Release|Any CPU
	EndGlobalSection
	GlobalSection(ProjectConfigurationPlatforms) = postSolution
		{5D5F8C84-C316-4E18-AD47-DF3EE65B1B1E}.Debug|Any CPU.ActiveCfg = Debug|Any CPU
		{5D5F8C84-C316-4E18-AD47-DF3EE65B1B1E}.Debug|Any CPU.Build.0 = Debug|Any CPU
		{5D5F8C84-C316-4E18-AD47-DF3EE65B1B1E}.Release|Any CPU.ActiveCfg = Release|Any CPU
		{5D5F8C84-C316-4E18-AD47-DF3EE65B1B1E}.Release|Any CPU.Build.0 = Release|Any CPU
	EndGlobalSection
	GlobalSection(SolutionProperties) = preSolution
		HideSolutionNode = FALSE
	EndGlobalSection
	GlobalSection(ExtensibilityGlobals) = postSolution
		SolutionGuid = {70D82C40-2D2C-46C5-9075-2CC991AF3270}
	EndGlobalSection
EndGlobal
