
Microsoft Visual Studio Solution File, Format Version 12.00
# Visual Studio 15
VisualStudioVersion = 15.0.28307.960
MinimumVisualStudioVersion = 10.0.40219.1
Project("{FAE04EC0-301F-11D3-BF4B-00C04F79EFBC}") = "KoldunuValgymoCempionatas", "KoldunuValgymoCempionatas\KoldunuValgymoCempionatas.csproj", "{0E1B01FB-208E-44B7-9BC4-1FBB26E4258E}"
EndProject
Global
	GlobalSection(SolutionConfigurationPlatforms) = preSolution
		Debug|Any CPU = Debug|Any CPU
		Release|Any CPU = Release|Any CPU
	EndGlobalSection
	GlobalSection(ProjectConfigurationPlatforms) = postSolution
		{0E1B01FB-208E-44B7-9BC4-1FBB26E4258E}.Debug|Any CPU.ActiveCfg = Debug|Any CPU
		{0E1B01FB-208E-44B7-9BC4-1FBB26E4258E}.Debug|Any CPU.Build.0 = Debug|Any CPU
		{0E1B01FB-208E-44B7-9BC4-1FBB26E4258E}.Release|Any CPU.ActiveCfg = Release|Any CPU
		{0E1B01FB-208E-44B7-9BC4-1FBB26E4258E}.Release|Any CPU.Build.0 = Release|Any CPU
	EndGlobalSection
	GlobalSection(SolutionProperties) = preSolution
		HideSolutionNode = FALSE
	EndGlobalSection
	GlobalSection(ExtensibilityGlobals) = postSolution
		SolutionGuid = {93BBB976-D79B-463A-955E-DA02B2FCDDB6}
	EndGlobalSection
EndGlobal
