
Microsoft Visual Studio Solution File, Format Version 12.00
# Visual Studio 15
VisualStudioVersion = 15.0.28307.960
MinimumVisualStudioVersion = 10.0.40219.1
Project("{FAE04EC0-301F-11D3-BF4B-00C04F79EFBC}") = "Paveldejimai", "Paveldejimai\Paveldejimai.csproj", "{8AC512B4-349F-4526-A437-D5AAB6EC49B6}"
EndProject
Global
	GlobalSection(SolutionConfigurationPlatforms) = preSolution
		Debug|Any CPU = Debug|Any CPU
		Release|Any CPU = Release|Any CPU
	EndGlobalSection
	GlobalSection(ProjectConfigurationPlatforms) = postSolution
		{8AC512B4-349F-4526-A437-D5AAB6EC49B6}.Debug|Any CPU.ActiveCfg = Debug|Any CPU
		{8AC512B4-349F-4526-A437-D5AAB6EC49B6}.Debug|Any CPU.Build.0 = Debug|Any CPU
		{8AC512B4-349F-4526-A437-D5AAB6EC49B6}.Release|Any CPU.ActiveCfg = Release|Any CPU
		{8AC512B4-349F-4526-A437-D5AAB6EC49B6}.Release|Any CPU.Build.0 = Release|Any CPU
	EndGlobalSection
	GlobalSection(SolutionProperties) = preSolution
		HideSolutionNode = FALSE
	EndGlobalSection
	GlobalSection(ExtensibilityGlobals) = postSolution
		SolutionGuid = {D54D11CB-74F3-45D7-8E61-C040085683F9}
	EndGlobalSection
EndGlobal
